
Microsoft Visual Studio Solution File, Format Version 12.00
# Visual Studio Version 16
VisualStudioVersion = 16.0.30804.86
MinimumVisualStudioVersion = 10.0.40219.1
Project("{FAE04EC0-301F-11D3-BF4B-00C04F79EFBC}") = "FomemaMedicalCard", "FomemaMedicalCard\FomemaMedicalCard.csproj", "{84193035-2D8B-459F-86EC-5A8A7E91C0BF}"
EndProject
Project("{FAE04EC0-301F-11D3-BF4B-00C04F79EFBC}") = "EncryptStringTest", "..\encrypt-string\EncryptStringTest\EncryptStringTest.csproj", "{AA2BD465-C71D-486E-84EA-79AC98C767DC}"
EndProject
Global
	GlobalSection(SolutionConfigurationPlatforms) = preSolution
		Debug|Any CPU = Debug|Any CPU
		Release|Any CPU = Release|Any CPU
	EndGlobalSection
	GlobalSection(ProjectConfigurationPlatforms) = postSolution
		{84193035-2D8B-459F-86EC-5A8A7E91C0BF}.Debug|Any CPU.ActiveCfg = Debug|Any CPU
		{84193035-2D8B-459F-86EC-5A8A7E91C0BF}.Debug|Any CPU.Build.0 = Debug|Any CPU
		{84193035-2D8B-459F-86EC-5A8A7E91C0BF}.Release|Any CPU.ActiveCfg = Release|Any CPU
		{84193035-2D8B-459F-86EC-5A8A7E91C0BF}.Release|Any CPU.Build.0 = Release|Any CPU
		{AA2BD465-C71D-486E-84EA-79AC98C767DC}.Debug|Any CPU.ActiveCfg = Debug|Any CPU
		{AA2BD465-C71D-486E-84EA-79AC98C767DC}.Debug|Any CPU.Build.0 = Debug|Any CPU
		{AA2BD465-C71D-486E-84EA-79AC98C767DC}.Release|Any CPU.ActiveCfg = Release|Any CPU
		{AA2BD465-C71D-486E-84EA-79AC98C767DC}.Release|Any CPU.Build.0 = Release|Any CPU
	EndGlobalSection
	GlobalSection(SolutionProperties) = preSolution
		HideSolutionNode = FALSE
	EndGlobalSection
	GlobalSection(ExtensibilityGlobals) = postSolution
		SolutionGuid = {0D021641-4AC7-457D-BFA5-92B945E4F227}
	EndGlobalSection
EndGlobal
